# THIS IS AN AUTOGENERATED FILE. DO NOT EDIT THIS FILE DIRECTLY.
# yarn lockfile v1


"@remix-run/router@1.0.4":
  version "1.0.4"
  resolved "https://registry.yarnpkg.com/@remix-run/router/-/router-1.0.4.tgz#cbfbec6735711e7c2fc93b9b40adf70ef5a39990"
  integrity sha512-gTL8H5USTAKOyVA4xczzDJnC3HMssdFa3tRlwBicXynx9XfiXwneHnYQogwSKpdCkjXISrEKSTtX62rLpNEVQg==

react-router-dom@^6.4.4:
  version "6.4.4"
  resolved "https://registry.yarnpkg.com/react-router-dom/-/react-router-dom-6.4.4.tgz#4271ec66333c440d1754477e4e6a3a5acb5487f8"
  integrity sha512-0Axverhw5d+4SBhLqLpzPhNkmv7gahUwlUVIOrRLGJ4/uwt30JVajVJXqv2Qr/LCwyvHhQc7YyK1Do8a9Jj7qA==
  dependencies:
    "@remix-run/router" "1.0.4"
    react-router "6.4.4"

react-router@6.4.4:
  version "6.4.4"
  resolved "https://registry.yarnpkg.com/react-router/-/react-router-6.4.4.tgz#8e7794f55ccc7050cb03937c87ff3720ce9f8b60"
  integrity sha512-SA6tSrUCRfuLWeYsTJDuriRqfFIsrSvuH7SqAJHegx9ZgxadE119rU8oOX/rG5FYEthpdEaEljdjDlnBxvfr+Q==
  dependencies:
    "@remix-run/router" "1.0.4"
